
Microsoft Visual Studio Solution File, Format Version 12.00
# Visual Studio Version 17
VisualStudioVersion = 17.14.36127.28
MinimumVisualStudioVersion = 10.0.40219.1
Project("{FAE04EC0-301F-11D3-BF4B-00C04F79EFBC}") = "TranSimCS", "TranSimCS\TranSimCS.csproj", "{32494F9B-04F4-494B-8E26-7BCC9A525BC2}"
EndProject
Project("{FAE04EC0-301F-11D3-BF4B-00C04F79EFBC}") = "MarkovChains", "MarkovChains\MarkovChains.csproj", "{98C0BDAC-6A58-43FF-84CE-6E89F77E011E}"
EndProject
Project("{FAE04EC0-301F-11D3-BF4B-00C04F79EFBC}") = "TranSimCSTests", "TranSimCSTests\TranSimCSTests.csproj", "{99F71ABF-166E-48BC-A3C8-DF501954D069}"
	ProjectSection(ProjectDependencies) = postProject
		{32494F9B-04F4-494B-8E26-7BCC9A525BC2} = {32494F9B-04F4-494B-8E26-7BCC9A525BC2}
	EndProjectSection
EndProject
Project("{FAE04EC0-301F-11D3-BF4B-00C04F79EFBC}") = "TranSimBlobGenerator", "TranSimBlobGenerator\TranSimBlobGenerator.csproj", "{22AE9D9F-F1C3-46B4-BF7E-5A80C884F6D0}"
EndProject
Project("{FAE04EC0-301F-11D3-BF4B-00C04F79EFBC}") = "TranSimCSHarness", "TranSimCSHarness\TranSimCSHarness.csproj", "{73CDFE28-50F9-4E0B-936D-6770F133F2B5}"
EndProject
Global
	GlobalSection(SolutionConfigurationPlatforms) = preSolution
		Debug|Any CPU = Debug|Any CPU
		Debug|x64 = Debug|x64
		Debug|x86 = Debug|x86
		Release|Any CPU = Release|Any CPU
		Release|x64 = Release|x64
		Release|x86 = Release|x86
	EndGlobalSection
	GlobalSection(ProjectConfigurationPlatforms) = postSolution
		{32494F9B-04F4-494B-8E26-7BCC9A525BC2}.Debug|Any CPU.ActiveCfg = Debug|Any CPU
		{32494F9B-04F4-494B-8E26-7BCC9A525BC2}.Debug|Any CPU.Build.0 = Debug|Any CPU
		{32494F9B-04F4-494B-8E26-7BCC9A525BC2}.Debug|x64.ActiveCfg = Debug|Any CPU
		{32494F9B-04F4-494B-8E26-7BCC9A525BC2}.Debug|x64.Build.0 = Debug|Any CPU
		{32494F9B-04F4-494B-8E26-7BCC9A525BC2}.Debug|x86.ActiveCfg = Debug|Any CPU
		{32494F9B-04F4-494B-8E26-7BCC9A525BC2}.Debug|x86.Build.0 = Debug|Any CPU
		{32494F9B-04F4-494B-8E26-7BCC9A525BC2}.Release|Any CPU.ActiveCfg = Release|Any CPU
		{32494F9B-04F4-494B-8E26-7BCC9A525BC2}.Release|Any CPU.Build.0 = Release|Any CPU
		{32494F9B-04F4-494B-8E26-7BCC9A525BC2}.Release|x64.ActiveCfg = Release|Any CPU
		{32494F9B-04F4-494B-8E26-7BCC9A525BC2}.Release|x64.Build.0 = Release|Any CPU
		{32494F9B-04F4-494B-8E26-7BCC9A525BC2}.Release|x86.ActiveCfg = Release|Any CPU
		{32494F9B-04F4-494B-8E26-7BCC9A525BC2}.Release|x86.Build.0 = Release|Any CPU
		{98C0BDAC-6A58-43FF-84CE-6E89F77E011E}.Debug|Any CPU.ActiveCfg = Debug|Any CPU
		{98C0BDAC-6A58-43FF-84CE-6E89F77E011E}.Debug|Any CPU.Build.0 = Debug|Any CPU
		{98C0BDAC-6A58-43FF-84CE-6E89F77E011E}.Debug|x64.ActiveCfg = Debug|Any CPU
		{98C0BDAC-6A58-43FF-84CE-6E89F77E011E}.Debug|x64.Build.0 = Debug|Any CPU
		{98C0BDAC-6A58-43FF-84CE-6E89F77E011E}.Debug|x86.ActiveCfg = Debug|Any CPU
		{98C0BDAC-6A58-43FF-84CE-6E89F77E011E}.Debug|x86.Build.0 = Debug|Any CPU
		{98C0BDAC-6A58-43FF-84CE-6E89F77E011E}.Release|Any CPU.ActiveCfg = Release|Any CPU
		{98C0BDAC-6A58-43FF-84CE-6E89F77E011E}.Release|Any CPU.Build.0 = Release|Any CPU
		{98C0BDAC-6A58-43FF-84CE-6E89F77E011E}.Release|x64.ActiveCfg = Release|Any CPU
		{98C0BDAC-6A58-43FF-84CE-6E89F77E011E}.Release|x64.Build.0 = Release|Any CPU
		{98C0BDAC-6A58-43FF-84CE-6E89F77E011E}.Release|x86.ActiveCfg = Release|Any CPU
		{98C0BDAC-6A58-43FF-84CE-6E89F77E011E}.Release|x86.Build.0 = Release|Any CPU
		{99F71ABF-166E-48BC-A3C8-DF501954D069}.Debug|Any CPU.ActiveCfg = Debug|Any CPU
		{99F71ABF-166E-48BC-A3C8-DF501954D069}.Debug|Any CPU.Build.0 = Debug|Any CPU
		{99F71ABF-166E-48BC-A3C8-DF501954D069}.Debug|x64.ActiveCfg = Debug|Any CPU
		{99F71ABF-166E-48BC-A3C8-DF501954D069}.Debug|x64.Build.0 = Debug|Any CPU
		{99F71ABF-166E-48BC-A3C8-DF501954D069}.Debug|x86.ActiveCfg = Debug|Any CPU
		{99F71ABF-166E-48BC-A3C8-DF501954D069}.Debug|x86.Build.0 = Debug|Any CPU
		{99F71ABF-166E-48BC-A3C8-DF501954D069}.Release|Any CPU.ActiveCfg = Release|Any CPU
		{99F71ABF-166E-48BC-A3C8-DF501954D069}.Release|Any CPU.Build.0 = Release|Any CPU
		{99F71ABF-166E-48BC-A3C8-DF501954D069}.Release|x64.ActiveCfg = Release|Any CPU
		{99F71ABF-166E-48BC-A3C8-DF501954D069}.Release|x64.Build.0 = Release|Any CPU
		{99F71ABF-166E-48BC-A3C8-DF501954D069}.Release|x86.ActiveCfg = Release|Any CPU
		{99F71ABF-166E-48BC-A3C8-DF501954D069}.Release|x86.Build.0 = Release|Any CPU
		{22AE9D9F-F1C3-46B4-BF7E-5A80C884F6D0}.Debug|Any CPU.ActiveCfg = Debug|Any CPU
		{22AE9D9F-F1C3-46B4-BF7E-5A80C884F6D0}.Debug|Any CPU.Build.0 = Debug|Any CPU
		{22AE9D9F-F1C3-46B4-BF7E-5A80C884F6D0}.Debug|x64.ActiveCfg = Debug|Any CPU
		{22AE9D9F-F1C3-46B4-BF7E-5A80C884F6D0}.Debug|x64.Build.0 = Debug|Any CPU
		{22AE9D9F-F1C3-46B4-BF7E-5A80C884F6D0}.Debug|x86.ActiveCfg = Debug|Any CPU
		{22AE9D9F-F1C3-46B4-BF7E-5A80C884F6D0}.Debug|x86.Build.0 = Debug|Any CPU
		{22AE9D9F-F1C3-46B4-BF7E-5A80C884F6D0}.Release|Any CPU.ActiveCfg = Release|Any CPU
		{22AE9D9F-F1C3-46B4-BF7E-5A80C884F6D0}.Release|Any CPU.Build.0 = Release|Any CPU
		{22AE9D9F-F1C3-46B4-BF7E-5A80C884F6D0}.Release|x64.ActiveCfg = Release|Any CPU
		{22AE9D9F-F1C3-46B4-BF7E-5A80C884F6D0}.Release|x64.Build.0 = Release|Any CPU
		{22AE9D9F-F1C3-46B4-BF7E-5A80C884F6D0}.Release|x86.ActiveCfg = Release|Any CPU
		{22AE9D9F-F1C3-46B4-BF7E-5A80C884F6D0}.Release|x86.Build.0 = Release|Any CPU
		{73CDFE28-50F9-4E0B-936D-6770F133F2B5}.Debug|Any CPU.ActiveCfg = Debug|Any CPU
		{73CDFE28-50F9-4E0B-936D-6770F133F2B5}.Debug|Any CPU.Build.0 = Debug|Any CPU
		{73CDFE28-50F9-4E0B-936D-6770F133F2B5}.Debug|x64.ActiveCfg = Debug|Any CPU
		{73CDFE28-50F9-4E0B-936D-6770F133F2B5}.Debug|x64.Build.0 = Debug|Any CPU
		{73CDFE28-50F9-4E0B-936D-6770F133F2B5}.Debug|x86.ActiveCfg = Debug|Any CPU
		{73CDFE28-50F9-4E0B-936D-6770F133F2B5}.Debug|x86.Build.0 = Debug|Any CPU
		{73CDFE28-50F9-4E0B-936D-6770F133F2B5}.Release|Any CPU.ActiveCfg = Release|Any CPU
		{73CDFE28-50F9-4E0B-936D-6770F133F2B5}.Release|Any CPU.Build.0 = Release|Any CPU
		{73CDFE28-50F9-4E0B-936D-6770F133F2B5}.Release|x64.ActiveCfg = Release|Any CPU
		{73CDFE28-50F9-4E0B-936D-6770F133F2B5}.Release|x64.Build.0 = Release|Any CPU
		{73CDFE28-50F9-4E0B-936D-6770F133F2B5}.Release|x86.ActiveCfg = Release|Any CPU
		{73CDFE28-50F9-4E0B-936D-6770F133F2B5}.Release|x86.Build.0 = Release|Any CPU
	EndGlobalSection
	GlobalSection(SolutionProperties) = preSolution
		HideSolutionNode = FALSE
	EndGlobalSection
	GlobalSection(ExtensibilityGlobals) = postSolution
		SolutionGuid = {20B579F6-45F6-45E3-A1B9-8ACB64A3D1F6}
	EndGlobalSection
EndGlobal
